
Microsoft Visual Studio Solution File, Format Version 12.00
# Visual Studio Version 17
VisualStudioVersion = 17.4.33213.308
MinimumVisualStudioVersion = 10.0.40219.1
Project("{FAE04EC0-301F-11D3-BF4B-00C04F79EFBC}") = "WebApiAspNetCore", "WebApiAspNetCore\WebApiAspNetCore.csproj", "{040F6891-9BC1-487C-8F43-6CA9023A9EAE}"
EndProject
Global
	GlobalSection(SolutionConfigurationPlatforms) = preSolution
		Debug|Any CPU = Debug|Any CPU
		Release|Any CPU = Release|Any CPU
	EndGlobalSection
	GlobalSection(ProjectConfigurationPlatforms) = postSolution
		{040F6891-9BC1-487C-8F43-6CA9023A9EAE}.Debug|Any CPU.ActiveCfg = Debug|Any CPU
		{040F6891-9BC1-487C-8F43-6CA9023A9EAE}.Debug|Any CPU.Build.0 = Debug|Any CPU
		{040F6891-9BC1-487C-8F43-6CA9023A9EAE}.Release|Any CPU.ActiveCfg = Release|Any CPU
		{040F6891-9BC1-487C-8F43-6CA9023A9EAE}.Release|Any CPU.Build.0 = Release|Any CPU
	EndGlobalSection
	GlobalSection(SolutionProperties) = preSolution
		HideSolutionNode = FALSE
	EndGlobalSection
	GlobalSection(ExtensibilityGlobals) = postSolution
		SolutionGuid = {53E83160-9929-4035-BBB8-CBD4856B3DCD}
	EndGlobalSection
EndGlobal
